
Microsoft Visual Studio Solution File, Format Version 12.00
# Visual Studio Version 17
VisualStudioVersion = 17.4.33205.214
MinimumVisualStudioVersion = 10.0.40219.1
Project("{FAE04EC0-301F-11D3-BF4B-00C04F79EFBC}") = "ExercicioResolvido", "ExercicioResolvido.csproj", "{39DCCC8D-A6EC-461F-978F-B1977F55EEAE}"
EndProject
Global
	GlobalSection(SolutionConfigurationPlatforms) = preSolution
		Debug|Any CPU = Debug|Any CPU
		Release|Any CPU = Release|Any CPU
	EndGlobalSection
	GlobalSection(ProjectConfigurationPlatforms) = postSolution
		{39DCCC8D-A6EC-461F-978F-B1977F55EEAE}.Debug|Any CPU.ActiveCfg = Debug|Any CPU
		{39DCCC8D-A6EC-461F-978F-B1977F55EEAE}.Debug|Any CPU.Build.0 = Debug|Any CPU
		{39DCCC8D-A6EC-461F-978F-B1977F55EEAE}.Release|Any CPU.ActiveCfg = Release|Any CPU
		{39DCCC8D-A6EC-461F-978F-B1977F55EEAE}.Release|Any CPU.Build.0 = Release|Any CPU
	EndGlobalSection
	GlobalSection(SolutionProperties) = preSolution
		HideSolutionNode = FALSE
	EndGlobalSection
	GlobalSection(ExtensibilityGlobals) = postSolution
		SolutionGuid = {FAA4FD00-82E5-48FC-B81E-3DCC98965E85}
	EndGlobalSection
EndGlobal
