
Microsoft Visual Studio Solution File, Format Version 12.00
# Visual Studio Version 17
VisualStudioVersion = 17.4.33205.214
MinimumVisualStudioVersion = 10.0.40219.1
Project("{FAE04EC0-301F-11D3-BF4B-00C04F79EFBC}") = "ProjetoCadastroFuncionarioComHeranca", "ProjetoCadastroFuncionarioComHeranca.csproj", "{1D41AA8F-6724-45CE-83F6-E48FC134B77C}"
EndProject
Global
	GlobalSection(SolutionConfigurationPlatforms) = preSolution
		Debug|Any CPU = Debug|Any CPU
		Release|Any CPU = Release|Any CPU
	EndGlobalSection
	GlobalSection(ProjectConfigurationPlatforms) = postSolution
		{1D41AA8F-6724-45CE-83F6-E48FC134B77C}.Debug|Any CPU.ActiveCfg = Debug|Any CPU
		{1D41AA8F-6724-45CE-83F6-E48FC134B77C}.Debug|Any CPU.Build.0 = Debug|Any CPU
		{1D41AA8F-6724-45CE-83F6-E48FC134B77C}.Release|Any CPU.ActiveCfg = Release|Any CPU
		{1D41AA8F-6724-45CE-83F6-E48FC134B77C}.Release|Any CPU.Build.0 = Release|Any CPU
	EndGlobalSection
	GlobalSection(SolutionProperties) = preSolution
		HideSolutionNode = FALSE
	EndGlobalSection
	GlobalSection(ExtensibilityGlobals) = postSolution
		SolutionGuid = {0DA036CC-FF64-4910-898A-39014B65BAF8}
	EndGlobalSection
EndGlobal
