
Microsoft Visual Studio Solution File, Format Version 12.00
# Visual Studio Version 17
VisualStudioVersion = 17.4.33122.133
MinimumVisualStudioVersion = 10.0.40219.1
Project("{FAE04EC0-301F-11D3-BF4B-00C04F79EFBC}") = "Cadastro de conta bancaria", "Cadastro de conta bancaria.csproj", "{E8D9CD09-C713-40D2-88B3-38957988DB44}"
EndProject
Global
	GlobalSection(SolutionConfigurationPlatforms) = preSolution
		Debug|Any CPU = Debug|Any CPU
		Release|Any CPU = Release|Any CPU
	EndGlobalSection
	GlobalSection(ProjectConfigurationPlatforms) = postSolution
		{E8D9CD09-C713-40D2-88B3-38957988DB44}.Debug|Any CPU.ActiveCfg = Debug|Any CPU
		{E8D9CD09-C713-40D2-88B3-38957988DB44}.Debug|Any CPU.Build.0 = Debug|Any CPU
		{E8D9CD09-C713-40D2-88B3-38957988DB44}.Release|Any CPU.ActiveCfg = Release|Any CPU
		{E8D9CD09-C713-40D2-88B3-38957988DB44}.Release|Any CPU.Build.0 = Release|Any CPU
	EndGlobalSection
	GlobalSection(SolutionProperties) = preSolution
		HideSolutionNode = FALSE
	EndGlobalSection
	GlobalSection(ExtensibilityGlobals) = postSolution
		SolutionGuid = {51A1DEB2-4423-4FC2-9722-B3E4C337B33C}
	EndGlobalSection
EndGlobal
