
Microsoft Visual Studio Solution File, Format Version 12.00
# Visual Studio Version 17
VisualStudioVersion = 17.4.33122.133
MinimumVisualStudioVersion = 10.0.40219.1
Project("{FAE04EC0-301F-11D3-BF4B-00C04F79EFBC}") = "ExercicioP2", "ExercicioP2.csproj", "{B04F7652-A3FE-4AC4-A42B-14F25756EA72}"
EndProject
Global
	GlobalSection(SolutionConfigurationPlatforms) = preSolution
		Debug|Any CPU = Debug|Any CPU
		Release|Any CPU = Release|Any CPU
	EndGlobalSection
	GlobalSection(ProjectConfigurationPlatforms) = postSolution
		{B04F7652-A3FE-4AC4-A42B-14F25756EA72}.Debug|Any CPU.ActiveCfg = Debug|Any CPU
		{B04F7652-A3FE-4AC4-A42B-14F25756EA72}.Debug|Any CPU.Build.0 = Debug|Any CPU
		{B04F7652-A3FE-4AC4-A42B-14F25756EA72}.Release|Any CPU.ActiveCfg = Release|Any CPU
		{B04F7652-A3FE-4AC4-A42B-14F25756EA72}.Release|Any CPU.Build.0 = Release|Any CPU
	EndGlobalSection
	GlobalSection(SolutionProperties) = preSolution
		HideSolutionNode = FALSE
	EndGlobalSection
	GlobalSection(ExtensibilityGlobals) = postSolution
		SolutionGuid = {9CED5FCC-B335-4826-B79F-020F9C7E1869}
	EndGlobalSection
EndGlobal
