
Microsoft Visual Studio Solution File, Format Version 12.00
# Visual Studio Version 17
VisualStudioVersion = 17.4.33205.214
MinimumVisualStudioVersion = 10.0.40219.1
Project("{FAE04EC0-301F-11D3-BF4B-00C04F79EFBC}") = "ProjetoItensVendidosManipulaArquivos", "ProjetoItensVendidosManipulaArquivos.csproj", "{9696A136-F99F-4BF9-A4B3-2114582DDDFF}"
EndProject
Global
	GlobalSection(SolutionConfigurationPlatforms) = preSolution
		Debug|Any CPU = Debug|Any CPU
		Release|Any CPU = Release|Any CPU
	EndGlobalSection
	GlobalSection(ProjectConfigurationPlatforms) = postSolution
		{9696A136-F99F-4BF9-A4B3-2114582DDDFF}.Debug|Any CPU.ActiveCfg = Debug|Any CPU
		{9696A136-F99F-4BF9-A4B3-2114582DDDFF}.Debug|Any CPU.Build.0 = Debug|Any CPU
		{9696A136-F99F-4BF9-A4B3-2114582DDDFF}.Release|Any CPU.ActiveCfg = Release|Any CPU
		{9696A136-F99F-4BF9-A4B3-2114582DDDFF}.Release|Any CPU.Build.0 = Release|Any CPU
	EndGlobalSection
	GlobalSection(SolutionProperties) = preSolution
		HideSolutionNode = FALSE
	EndGlobalSection
	GlobalSection(ExtensibilityGlobals) = postSolution
		SolutionGuid = {E16ED65A-1A3B-4CF0-AEC0-C60712C78CE1}
	EndGlobalSection
EndGlobal
