
Microsoft Visual Studio Solution File, Format Version 12.00
# Visual Studio Version 17
VisualStudioVersion = 17.4.33122.133
MinimumVisualStudioVersion = 10.0.40219.1
Project("{FAE04EC0-301F-11D3-BF4B-00C04F79EFBC}") = "Exercicio1", "Exercicio1.csproj", "{D158860E-5A7D-4CA3-941C-BBF96714DCC6}"
EndProject
Global
	GlobalSection(SolutionConfigurationPlatforms) = preSolution
		Debug|Any CPU = Debug|Any CPU
		Release|Any CPU = Release|Any CPU
	EndGlobalSection
	GlobalSection(ProjectConfigurationPlatforms) = postSolution
		{D158860E-5A7D-4CA3-941C-BBF96714DCC6}.Debug|Any CPU.ActiveCfg = Debug|Any CPU
		{D158860E-5A7D-4CA3-941C-BBF96714DCC6}.Debug|Any CPU.Build.0 = Debug|Any CPU
		{D158860E-5A7D-4CA3-941C-BBF96714DCC6}.Release|Any CPU.ActiveCfg = Release|Any CPU
		{D158860E-5A7D-4CA3-941C-BBF96714DCC6}.Release|Any CPU.Build.0 = Release|Any CPU
	EndGlobalSection
	GlobalSection(SolutionProperties) = preSolution
		HideSolutionNode = FALSE
	EndGlobalSection
	GlobalSection(ExtensibilityGlobals) = postSolution
		SolutionGuid = {1A7CD5D9-9A4A-4B97-A4C9-F8BA5DBA6DFA}
	EndGlobalSection
EndGlobal
