
Microsoft Visual Studio Solution File, Format Version 12.00
# Visual Studio Version 17
VisualStudioVersion = 17.4.33205.214
MinimumVisualStudioVersion = 10.0.40219.1
Project("{FAE04EC0-301F-11D3-BF4B-00C04F79EFBC}") = "ProjetoEtiquetaProduto", "ProjetoEtiquetaProduto.csproj", "{5290F00F-4AB5-4CB5-9147-FC15A8DF609C}"
EndProject
Global
	GlobalSection(SolutionConfigurationPlatforms) = preSolution
		Debug|Any CPU = Debug|Any CPU
		Release|Any CPU = Release|Any CPU
	EndGlobalSection
	GlobalSection(ProjectConfigurationPlatforms) = postSolution
		{5290F00F-4AB5-4CB5-9147-FC15A8DF609C}.Debug|Any CPU.ActiveCfg = Debug|Any CPU
		{5290F00F-4AB5-4CB5-9147-FC15A8DF609C}.Debug|Any CPU.Build.0 = Debug|Any CPU
		{5290F00F-4AB5-4CB5-9147-FC15A8DF609C}.Release|Any CPU.ActiveCfg = Release|Any CPU
		{5290F00F-4AB5-4CB5-9147-FC15A8DF609C}.Release|Any CPU.Build.0 = Release|Any CPU
	EndGlobalSection
	GlobalSection(SolutionProperties) = preSolution
		HideSolutionNode = FALSE
	EndGlobalSection
	GlobalSection(ExtensibilityGlobals) = postSolution
		SolutionGuid = {98E82F44-5798-4A3E-BFB4-EAE4E85FADF8}
	EndGlobalSection
EndGlobal
