
Microsoft Visual Studio Solution File, Format Version 12.00
# Visual Studio Version 17
VisualStudioVersion = 17.4.33122.133
MinimumVisualStudioVersion = 10.0.40219.1
Project("{FAE04EC0-301F-11D3-BF4B-00C04F79EFBC}") = "Exercicio fixacao 1", "Exercicio fixacao 1.csproj", "{DC244FA9-51C5-456F-8031-FCFA2EB528F9}"
EndProject
Global
	GlobalSection(SolutionConfigurationPlatforms) = preSolution
		Debug|Any CPU = Debug|Any CPU
		Release|Any CPU = Release|Any CPU
	EndGlobalSection
	GlobalSection(ProjectConfigurationPlatforms) = postSolution
		{DC244FA9-51C5-456F-8031-FCFA2EB528F9}.Debug|Any CPU.ActiveCfg = Debug|Any CPU
		{DC244FA9-51C5-456F-8031-FCFA2EB528F9}.Debug|Any CPU.Build.0 = Debug|Any CPU
		{DC244FA9-51C5-456F-8031-FCFA2EB528F9}.Release|Any CPU.ActiveCfg = Release|Any CPU
		{DC244FA9-51C5-456F-8031-FCFA2EB528F9}.Release|Any CPU.Build.0 = Release|Any CPU
	EndGlobalSection
	GlobalSection(SolutionProperties) = preSolution
		HideSolutionNode = FALSE
	EndGlobalSection
	GlobalSection(ExtensibilityGlobals) = postSolution
		SolutionGuid = {91D76F47-68E0-4D78-9A12-0505E9932CD8}
	EndGlobalSection
EndGlobal
