
Microsoft Visual Studio Solution File, Format Version 12.00
# Visual Studio Version 17
VisualStudioVersion = 17.4.33122.133
MinimumVisualStudioVersion = 10.0.40219.1
Project("{FAE04EC0-301F-11D3-BF4B-00C04F79EFBC}") = "Exercicio02", "Exercicio02.csproj", "{63673245-031C-4D6E-8A85-E0DDA26D5866}"
EndProject
Global
	GlobalSection(SolutionConfigurationPlatforms) = preSolution
		Debug|Any CPU = Debug|Any CPU
		Release|Any CPU = Release|Any CPU
	EndGlobalSection
	GlobalSection(ProjectConfigurationPlatforms) = postSolution
		{63673245-031C-4D6E-8A85-E0DDA26D5866}.Debug|Any CPU.ActiveCfg = Debug|Any CPU
		{63673245-031C-4D6E-8A85-E0DDA26D5866}.Debug|Any CPU.Build.0 = Debug|Any CPU
		{63673245-031C-4D6E-8A85-E0DDA26D5866}.Release|Any CPU.ActiveCfg = Release|Any CPU
		{63673245-031C-4D6E-8A85-E0DDA26D5866}.Release|Any CPU.Build.0 = Release|Any CPU
	EndGlobalSection
	GlobalSection(SolutionProperties) = preSolution
		HideSolutionNode = FALSE
	EndGlobalSection
	GlobalSection(ExtensibilityGlobals) = postSolution
		SolutionGuid = {1E86B12F-784C-4208-A9F2-858C09312780}
	EndGlobalSection
EndGlobal
